// !$*UTF8*$!
{
	archiveVersion = 1;
	classes = {
	};
	objectVersion = 46;
	objects = {

/* Begin PBXBuildFile section */
		F3D6BB3F1C220E5C000B17ED /* AppDelegate.swift in Sources */ = {isa = PBXBuildFile; fileRef = F3D6BB3E1C220E5C000B17ED /* AppDelegate.swift */; };
		F3D6BB411C220E5C000B17ED /* ViewController.swift in Sources */ = {isa = PBXBuildFile; fileRef = F3D6BB401C220E5C000B17ED /* ViewController.swift */; };
		F3D6BB441C220E5C000B17ED /* Main.storyboard in Resources */ = {isa = PBXBuildFile; fileRef = F3D6BB421C220E5C000B17ED /* Main.storyboard */; };
		F3D6BB461C220E5C000B17ED /* Assets.xcassets in Resources */ = {isa = PBXBuildFile; fileRef = F3D6BB451C220E5C000B17ED /* Assets.xcassets */; };
		F3D6BB491C220E5C000B17ED /* LaunchScreen.storyboard in Resources */ = {isa = PBXBuildFile; fileRef = F3D6BB471C220E5C000B17ED /* LaunchScreen.storyboard */; };
		F3D6BB541C220E5C000B17ED /* FoodTrackerTests.swift in Sources */ = {isa = PBXBuildFile; fileRef = F3D6BB531C220E5C000B17ED /* FoodTrackerTests.swift */; };
		F3D6BB5F1C220E5C000B17ED /* FoodTrackerUITests.swift in Sources */ = {isa = PBXBuildFile; fileRef = F3D6BB5E1C220E5C000B17ED /* FoodTrackerUITests.swift */; };
		F3D6BB6D1C2219A1000B17ED /* README.rtf in Resources */ = {isa = PBXBuildFile; fileRef = F3D6BB6C1C2219A1000B17ED /* README.rtf */; };
/* End PBXBuildFile section */

/* Begin PBXContainerItemProxy section */
		F3D6BB501C220E5C000B17ED /* PBXContainerItemProxy */ = {
			isa = PBXContainerItemProxy;
			containerPortal = F3D6BB331C220E5C000B17ED /* Project object */;
			proxyType = 1;
			remoteGlobalIDString = F3D6BB3A1C220E5C000B17ED;
			remoteInfo = FoodTracker;
		};
		F3D6BB5B1C220E5C000B17ED /* PBXContainerItemProxy */ = {
			isa = PBXContainerItemProxy;
			containerPortal = F3D6BB331C220E5C000B17ED /* Project object */;
			proxyType = 1;
			remoteGlobalIDString = F3D6BB3A1C220E5C000B17ED;
			remoteInfo = FoodTracker;
		};
/* End PBXContainerItemProxy section */

/* Begin PBXFileReference section */
		F3D6BB3B1C220E5C000B17ED /* FoodTracker.app */ = {isa = PBXFileReference; explicitFileType = wrapper.application; includeInIndex = 0; path = FoodTracker.app; sourceTree = BUILT_PRODUCTS_DIR; };
		F3D6BB3E1C220E5C000B17ED /* AppDelegate.swift */ = {isa = PBXFileReference; lastKnownFileType = sourcecode.swift; path = AppDelegate.swift; sourceTree = "<group>"; };
		F3D6BB401C220E5C000B17ED /* ViewController.swift */ = {isa = PBXFileReference; lastKnownFileType = sourcecode.swift; path = ViewController.swift; sourceTree = "<group>"; };
		F3D6BB431C220E5C000B17ED /* Base */ = {isa = PBXFileReference; lastKnownFileType = file.storyboard; name = Base; path = Base.lproj/Main.storyboard; sourceTree = "<group>"; };
		F3D6BB451C220E5C000B17ED /* Assets.xcassets */ = {isa = PBXFileReference; lastKnownFileType = folder.assetcatalog; path = Assets.xcassets; sourceTree = "<group>"; };
		F3D6BB481C220E5C000B17ED /* Base */ = {isa = PBXFileReference; lastKnownFileType = file.storyboard; name = Base; path = Base.lproj/LaunchScreen.storyboard; sourceTree = "<group>"; };
		F3D6BB4A1C220E5C000B17ED /* Info.plist */ = {isa = PBXFileReference; lastKnownFileType = text.plist.xml; path = Info.plist; sourceTree = "<group>"; };
		F3D6BB4F1C220E5C000B17ED /* FoodTrackerTests.xctest */ = {isa = PBXFileReference; explicitFileType = wrapper.cfbundle; includeInIndex = 0; path = FoodTrackerTests.xctest; sourceTree = BUILT_PRODUCTS_DIR; };
		F3D6BB531C220E5C000B17ED /* FoodTrackerTests.swift */ = {isa = PBXFileReference; lastKnownFileType = sourcecode.swift; path = FoodTrackerTests.swift; sourceTree = "<group>"; };
		F3D6BB551C220E5C000B17ED /* Info.plist */ = {isa = PBXFileReference; lastKnownFileType = text.plist.xml; path = Info.plist; sourceTree = "<group>"; };
		F3D6BB5A1C220E5C000B17ED /* FoodTrackerUITests.xctest */ = {isa = PBXFileReference; explicitFileType = wrapper.cfbundle; includeInIndex = 0; path = FoodTrackerUITests.xctest; sourceTree = BUILT_PRODUCTS_DIR; };
		F3D6BB5E1C220E5C000B17ED /* FoodTrackerUITests.swift */ = {isa = PBXFileReference; lastKnownFileType = sourcecode.swift; path = FoodTrackerUITests.swift; sourceTree = "<group>"; };
		F3D6BB601C220E5C000B17ED /* Info.plist */ = {isa = PBXFileReference; lastKnownFileType = text.plist.xml; path = Info.plist; sourceTree = "<group>"; };
		F3D6BB6C1C2219A1000B17ED /* README.rtf */ = {isa = PBXFileReference; fileEncoding = 4; lastKnownFileType = text.rtf; path = README.rtf; sourceTree = "<group>"; };
/* End PBXFileReference section */

/* Begin PBXFrameworksBuildPhase section */
		F3D6BB381C220E5C000B17ED /* Frameworks */ = {
			isa = PBXFrameworksBuildPhase;
			buildActionMask = 2147483647;
			files = (
			);
			runOnlyForDeploymentPostprocessing = 0;
		};
		F3D6BB4C1C220E5C000B17ED /* Frameworks */ = {
			isa = PBXFrameworksBuildPhase;
			buildActionMask = 2147483647;
			files = (
			);
			runOnlyForDeploymentPostprocessing = 0;
		};
		F3D6BB571C220E5C000B17ED /* Frameworks */ = {
			isa = PBXFrameworksBuildPhase;
			buildActionMask = 2147483647;
			files = (
			);
			runOnlyForDeploymentPostprocessing = 0;
		};
/* End PBXFrameworksBuildPhase section */

/* Begin PBXGroup section */
		F3D6BB321C220E5C000B17ED = {
			isa = PBXGroup;
			children = (
				F3D6BB6C1C2219A1000B17ED /* README.rtf */,
				F3D6BB3D1C220E5C000B17ED /* FoodTracker */,
				F3D6BB521C220E5C000B17ED /* FoodTrackerTests */,
				F3D6BB5D1C220E5C000B17ED /* FoodTrackerUITests */,
				F3D6BB3C1C220E5C000B17ED /* Products */,
			);
			sourceTree = "<group>";
		};
		F3D6BB3C1C220E5C000B17ED /* Products */ = {
			isa = PBXGroup;
			children = (
				F3D6BB3B1C220E5C000B17ED /* FoodTracker.app */,
				F3D6BB4F1C220E5C000B17ED /* FoodTrackerTests.xctest */,
				F3D6BB5A1C220E5C000B17ED /* FoodTrackerUITests.xctest */,
			);
			name = Products;
			sourceTree = "<group>";
		};
		F3D6BB3D1C220E5C000B17ED /* FoodTracker */ = {
			isa = PBXGroup;
			children = (
				F3D6BB3E1C220E5C000B17ED /* AppDelegate.swift */,
				F3D6BB401C220E5C000B17ED /* ViewController.swift */,
				F3D6BB421C220E5C000B17ED /* Main.storyboard */,
				F3D6BB451C220E5C000B17ED /* Assets.xcassets */,
				F3D6BB471C220E5C000B17ED /* LaunchScreen.storyboard */,
				F3D6BB4A1C220E5C000B17ED /* Info.plist */,
			);
			path = FoodTracker;
			sourceTree = "<group>";
		};
		F3D6BB521C220E5C000B17ED /* FoodTrackerTests */ = {
			isa = PBXGroup;
			children = (
				F3D6BB531C220E5C000B17ED /* FoodTrackerTests.swift */,
				F3D6BB551C220E5C000B17ED /* Info.plist */,
			);
			path = FoodTrackerTests;
			sourceTree = "<group>";
		};
		F3D6BB5D1C220E5C000B17ED /* FoodTrackerUITests */ = {
			isa = PBXGroup;
			children = (
				F3D6BB5E1C220E5C000B17ED /* FoodTrackerUITests.swift */,
				F3D6BB601C220E5C000B17ED /* Info.plist */,
			);
			path = FoodTrackerUITests;
			sourceTree = "<group>";
		};
/* End PBXGroup section */

/* Begin PBXNativeTarget section */
		F3D6BB3A1C220E5C000B17ED /* FoodTracker */ = {
			isa = PBXNativeTarget;
			buildConfigurationList = F3D6BB631C220E5C000B17ED /* Build configuration list for PBXNativeTarget "FoodTracker" */;
			buildPhases = (
				F3D6BB371C220E5C000B17ED /* Sources */,
				F3D6BB381C220E5C000B17ED /* Frameworks */,
				F3D6BB391C220E5C000B17ED /* Resources */,
			);
			buildRules = (
			);
			dependencies = (
			);
			name = FoodTracker;
			productName = FoodTracker;
			productReference = F3D6BB3B1C220E5C000B17ED /* FoodTracker.app */;
			productType = "com.apple.product-type.application";
		};
		F3D6BB4E1C220E5C000B17ED /* FoodTrackerTests */ = {
			isa = PBXNativeTarget;
			buildConfigurationList = F3D6BB661C220E5C000B17ED /* Build configuration list for PBXNativeTarget "FoodTrackerTests" */;
			buildPhases = (
				F3D6BB4B1C220E5C000B17ED /* Sources */,
				F3D6BB4C1C220E5C000B17ED /* Frameworks */,
				F3D6BB4D1C220E5C000B17ED /* Resources */,
			);
			buildRules = (
			);
			dependencies = (
				F3D6BB511C220E5C000B17ED /* PBXTargetDependency */,
			);
			name = FoodTrackerTests;
			productName = FoodTrackerTests;
			productReference = F3D6BB4F1C220E5C000B17ED /* FoodTrackerTests.xctest */;
			productType = "com.apple.product-type.bundle.unit-test";
		};
		F3D6BB591C220E5C000B17ED /* FoodTrackerUITests */ = {
			isa = PBXNativeTarget;
			buildConfigurationList = F3D6BB691C220E5C000B17ED /* Build configuration list for PBXNativeTarget "FoodTrackerUITests" */;
			buildPhases = (
				F3D6BB561C220E5C000B17ED /* Sources */,
				F3D6BB571C220E5C000B17ED /* Frameworks */,
				F3D6BB581C220E5C000B17ED /* Resources */,
			);
			buildRules = (
			);
			dependencies = (
				F3D6BB5C1C220E5C000B17ED /* PBXTargetDependency */,
			);
			name = FoodTrackerUITests;
			productName = FoodTrackerUITests;
			productReference = F3D6BB5A1C220E5C000B17ED /* FoodTrackerUITests.xctest */;
			productType = "com.apple.product-type.bundle.ui-testing";
		};
/* End PBXNativeTarget section */

/* Begin PBXProject section */
		F3D6BB331C220E5C000B17ED /* Project object */ = {
			isa = PBXProject;
			attributes = {
				LastSwiftUpdateCheck = 0720;
				LastUpgradeCheck = 0720;
				ORGANIZATIONNAME = "Martin Kelly";
				TargetAttributes = {
					F3D6BB3A1C220E5C000B17ED = {
						CreatedOnToolsVersion = 7.2;
					};
					F3D6BB4E1C220E5C000B17ED = {
						CreatedOnToolsVersion = 7.2;
						TestTargetID = F3D6BB3A1C220E5C000B17ED;
					};
					F3D6BB591C220E5C000B17ED = {
						CreatedOnToolsVersion = 7.2;
						TestTargetID = F3D6BB3A1C220E5C000B17ED;
					};
				};
			};
			buildConfigurationList = F3D6BB361C220E5C000B17ED /* Build configuration list for PBXProject "FoodTracker" */;
			compatibilityVersion = "Xcode 3.2";
			developmentRegion = English;
			hasScannedForEncodings = 0;
			knownRegions = (
				en,
				Base,
			);
			mainGroup = F3D6BB321C220E5C000B17ED;
			productRefGroup = F3D6BB3C1C220E5C000B17ED /* Products */;
			projectDirPath = "";
			projectRoot = "";
			targets = (
				F3D6BB3A1C220E5C000B17ED /* FoodTracker */,
				F3D6BB4E1C220E5C000B17ED /* FoodTrackerTests */,
				F3D6BB591C220E5C000B17ED /* FoodTrackerUITests */,
			);
		};
/* End PBXProject section */

/* Begin PBXResourcesBuildPhase section */
		F3D6BB391C220E5C000B17ED /* Resources */ = {
			isa = PBXResourcesBuildPhase;
			buildActionMask = 2147483647;
			files = (
				F3D6BB491C220E5C000B17ED /* LaunchScreen.storyboard in Resources */,
				F3D6BB461C220E5C000B17ED /* Assets.xcassets in Resources */,
				F3D6BB6D1C2219A1000B17ED /* README.rtf in Resources */,
				F3D6BB441C220E5C000B17ED /* Main.storyboard in Resources */,
			);
			runOnlyForDeploymentPostprocessing = 0;
		};
		F3D6BB4D1C220E5C000B17ED /* Resources */ = {
			isa = PBXResourcesBuildPhase;
			buildActionMask = 2147483647;
			files = (
			);
			runOnlyForDeploymentPostprocessing = 0;
		};
		F3D6BB581C220E5C000B17ED /* Resources */ = {
			isa = PBXResourcesBuildPhase;
			buildActionMask = 2147483647;
			files = (
			);
			runOnlyForDeploymentPostprocessing = 0;
		};
/* End PBXResourcesBuildPhase section */

/* Begin PBXSourcesBuildPhase section */
		F3D6BB371C220E5C000B17ED /* Sources */ = {
			isa = PBXSourcesBuildPhase;
			buildActionMask = 2147483647;
			files = (
				F3D6BB411C220E5C000B17ED /* ViewController.swift in Sources */,
				F3D6BB3F1C220E5C000B17ED /* AppDelegate.swift in Sources */,
			);
			runOnlyForDeploymentPostprocessing = 0;
		};
		F3D6BB4B1C220E5C000B17ED /* Sources */ = {
			isa = PBXSourcesBuildPhase;
			buildActionMask = 2147483647;
			files = (
				F3D6BB541C220E5C000B17ED /* FoodTrackerTests.swift in Sources */,
			);
			runOnlyForDeploymentPostprocessing = 0;
		};
		F3D6BB561C220E5C000B17ED /* Sources */ = {
			isa = PBXSourcesBuildPhase;
			buildActionMask = 2147483647;
			files = (
				F3D6BB5F1C220E5C000B17ED /* FoodTrackerUITests.swift in Sources */,
			);
			runOnlyForDeploymentPostprocessing = 0;
		};
/* End PBXSourcesBuildPhase section */

/* Begin PBXTargetDependency section */
		F3D6BB511C220E5C000B17ED /* PBXTargetDependency */ = {
			isa = PBXTargetDependency;
			target = F3D6BB3A1C220E5C000B17ED /* FoodTracker */;
			targetProxy = F3D6BB501C220E5C000B17ED /* PBXContainerItemProxy */;
		};
		F3D6BB5C1C220E5C000B17ED /* PBXTargetDependency */ = {
			isa = PBXTargetDependency;
			target = F3D6BB3A1C220E5C000B17ED /* FoodTracker */;
			targetProxy = F3D6BB5B1C220E5C000B17ED /* PBXContainerItemProxy */;
		};
/* End PBXTargetDependency section */

/* Begin PBXVariantGroup section */
		F3D6BB421C220E5C000B17ED /* Main.storyboard */ = {
			isa = PBXVariantGroup;
			children = (
				F3D6BB431C220E5C000B17ED /* Base */,
			);
			name = Main.storyboard;
			sourceTree = "<group>";
		};
		F3D6BB471C220E5C000B17ED /* LaunchScreen.storyboard */ = {
			isa = PBXVariantGroup;
			children = (
				F3D6BB481C220E5C000B17ED /* Base */,
			);
			name = LaunchScreen.storyboard;
			sourceTree = "<group>";
		};
/* End PBXVariantGroup section */

/* Begin XCBuildConfiguration section */
		F3D6BB611C220E5C000B17ED /* Debug */ = {
			isa = XCBuildConfiguration;
			buildSettings = {
				ALWAYS_SEARCH_USER_PATHS = NO;
				CLANG_CXX_LANGUAGE_STANDARD = "gnu++0x";
				CLANG_CXX_LIBRARY = "libc++";
				CLANG_ENABLE_MODULES = YES;
				CLANG_ENABLE_OBJC_ARC = YES;
				CLANG_WARN_BOOL_CONVERSION = YES;
				CLANG_WARN_CONSTANT_CONVERSION = YES;
				CLANG_WARN_DIRECT_OBJC_ISA_USAGE = YES_ERROR;
				CLANG_WARN_EMPTY_BODY = YES;
				CLANG_WARN_ENUM_CONVERSION = YES;
				CLANG_WARN_INT_CONVERSION = YES;
				CLANG_WARN_OBJC_ROOT_CLASS = YES_ERROR;
				CLANG_WARN_UNREACHABLE_CODE = YES;
				CLANG_WARN__DUPLICATE_METHOD_MATCH = YES;
				"CODE_SIGN_IDENTITY[sdk=iphoneos*]" = "iPhone Developer";
				COPY_PHASE_STRIP = NO;
				DEBUG_INFORMATION_FORMAT = dwarf;
				ENABLE_STRICT_OBJC_MSGSEND = YES;
				ENABLE_TESTABILITY = YES;
				GCC_C_LANGUAGE_STANDARD = gnu99;
				GCC_DYNAMIC_NO_PIC = NO;
				GCC_NO_COMMON_BLOCKS = YES;
				GCC_OPTIMIZATION_LEVEL = 0;
				GCC_PREPROCESSOR_DEFINITIONS = (
					"DEBUG=1",
					"$(inherited)",
				);
				GCC_WARN_64_TO_32_BIT_CONVERSION = YES;
				GCC_WARN_ABOUT_RETURN_TYPE = YES_ERROR;
				GCC_WARN_UNDECLARED_SELECTOR = YES;
				GCC_WARN_UNINITIALIZED_AUTOS = YES_AGGRESSIVE;
				GCC_WARN_UNUSED_FUNCTION = YES;
				GCC_WARN_UNUSED_VARIABLE = YES;
				IPHONEOS_DEPLOYMENT_TARGET = 9.2;
				MTL_ENABLE_DEBUG_INFO = YES;
				ONLY_ACTIVE_ARCH = YES;
				SDKROOT = iphoneos;
				SWIFT_OPTIMIZATION_LEVEL = "-Onone";
				TARGETED_DEVICE_FAMILY = "1,2";
			};
			name = Debug;
		};
		F3D6BB621C220E5C000B17ED /* Release */ = {
			isa = XCBuildConfiguration;
			buildSettings = {
				ALWAYS_SEARCH_USER_PATHS = NO;
				CLANG_CXX_LANGUAGE_STANDARD = "gnu++0x";
				CLANG_CXX_LIBRARY = "libc++";
				CLANG_ENABLE_MODULES = YES;
				CLANG_ENABLE_OBJC_ARC = YES;
				CLANG_WARN_BOOL_CONVERSION = YES;
				CLANG_WARN_CONSTANT_CONVERSION = YES;
				CLANG_WARN_DIRECT_OBJC_ISA_USAGE = YES_ERROR;
				CLANG_WARN_EMPTY_BODY = YES;
				CLANG_WARN_ENUM_CONVERSION = YES;
				CLANG_WARN_INT_CONVERSION = YES;
				CLANG_WARN_OBJC_ROOT_CLASS = YES_ERROR;
				CLANG_WARN_UNREACHABLE_CODE = YES;
				CLANG_WARN__DUPLICATE_METHOD_MATCH = YES;
				"CODE_SIGN_IDENTITY[sdk=iphoneos*]" = "iPhone Developer";
				COPY_PHASE_STRIP = NO;
				DEBUG_INFORMATION_FORMAT = "dwarf-with-dsym";
				ENABLE_NS_ASSERTIONS = NO;
				ENABLE_STRICT_OBJC_MSGSEND = YES;
				GCC_C_LANGUAGE_STANDARD = gnu99;
				GCC_NO_COMMON_BLOCKS = YES;
				GCC_WARN_64_TO_32_BIT_CONVERSION = YES;
				GCC_WARN_ABOUT_RETURN_TYPE = YES_ERROR;
				GCC_WARN_UNDECLARED_SELECTOR = YES;
				GCC_WARN_UNINITIALIZED_AUTOS = YES_AGGRESSIVE;
				GCC_WARN_UNUSED_FUNCTION = YES;
				GCC_WARN_UNUSED_VARIABLE = YES;
				IPHONEOS_DEPLOYMENT_TARGET = 9.2;
				MTL_ENABLE_DEBUG_INFO = NO;
				SDKROOT = iphoneos;
				TARGETED_DEVICE_FAMILY = "1,2";
				VALIDATE_PRODUCT = YES;
			};
			name = Release;
		};
		F3D6BB641C220E5C000B17ED /* Debug */ = {
			isa = XCBuildConfiguration;
			buildSettings = {
				ASSETCATALOG_COMPILER_APPICON_NAME = AppIcon;
				INFOPLIST_FILE = FoodTracker/Info.plist;
				LD_RUNPATH_SEARCH_PATHS = "$(inherited) @executable_path/Frameworks";
				PRODUCT_BUNDLE_IDENTIFIER = uk.co.scriptable.FoodTracker;
				PRODUCT_NAME = "$(TARGET_NAME)";
			};
			name = Debug;
		};
		F3D6BB651C220E5C000B17ED /* Release */ = {
			isa = XCBuildConfiguration;
			buildSettings = {
				ASSETCATALOG_COMPILER_APPICON_NAME = AppIcon;
				INFOPLIST_FILE = FoodTracker/Info.plist;
				LD_RUNPATH_SEARCH_PATHS = "$(inherited) @executable_path/Frameworks";
				PRODUCT_BUNDLE_IDENTIFIER = uk.co.scriptable.FoodTracker;
				PRODUCT_NAME = "$(TARGET_NAME)";
			};
			name = Release;
		};
		F3D6BB671C220E5C000B17ED /* Debug */ = {
			isa = XCBuildConfiguration;
			buildSettings = {
				BUNDLE_LOADER = "$(TEST_HOST)";
				INFOPLIST_FILE = FoodTrackerTests/Info.plist;
				LD_RUNPATH_SEARCH_PATHS = "$(inherited) @executable_path/Frameworks @loader_path/Frameworks";
				PRODUCT_BUNDLE_IDENTIFIER = uk.co.scriptable.FoodTrackerTests;
				PRODUCT_NAME = "$(TARGET_NAME)";
				TEST_HOST = "$(BUILT_PRODUCTS_DIR)/FoodTracker.app/FoodTracker";
			};
			name = Debug;
		};
		F3D6BB681C220E5C000B17ED /* Release */ = {
			isa = XCBuildConfiguration;
			buildSettings = {
				BUNDLE_LOADER = "$(TEST_HOST)";
				INFOPLIST_FILE = FoodTrackerTests/Info.plist;
				LD_RUNPATH_SEARCH_PATHS = "$(inherited) @executable_path/Frameworks @loader_path/Frameworks";
				PRODUCT_BUNDLE_IDENTIFIER = uk.co.scriptable.FoodTrackerTests;
				PRODUCT_NAME = "$(TARGET_NAME)";
				TEST_HOST = "$(BUILT_PRODUCTS_DIR)/FoodTracker.app/FoodTracker";
			};
			name = Release;
		};
		F3D6BB6A1C220E5C000B17ED /* Debug */ = {
			isa = XCBuildConfiguration;
			buildSettings = {
				INFOPLIST_FILE = FoodTrackerUITests/Info.plist;
				LD_RUNPATH_SEARCH_PATHS = "$(inherited) @executable_path/Frameworks @loader_path/Frameworks";
				PRODUCT_BUNDLE_IDENTIFIER = uk.co.scriptable.FoodTrackerUITests;
				PRODUCT_NAME = "$(TARGET_NAME)";
				TEST_TARGET_NAME = FoodTracker;
				USES_XCTRUNNER = YES;
			};
			name = Debug;
		};
		F3D6BB6B1C220E5C000B17ED /* Release */ = {
			isa = XCBuildConfiguration;
			buildSettings = {
				INFOPLIST_FILE = FoodTrackerUITests/Info.plist;
				LD_RUNPATH_SEARCH_PATHS = "$(inherited) @executable_path/Frameworks @loader_path/Frameworks";
				PRODUCT_BUNDLE_IDENTIFIER = uk.co.scriptable.FoodTrackerUITests;
				PRODUCT_NAME = "$(TARGET_NAME)";
				TEST_TARGET_NAME = FoodTracker;
				USES_XCTRUNNER = YES;
			};
			name = Release;
		};
/* End XCBuildConfiguration section */

/* Begin XCConfigurationList section */
		F3D6BB361C220E5C000B17ED /* Build configuration list for PBXProject "FoodTracker" */ = {
			isa = XCConfigurationList;
			buildConfigurations = (
				F3D6BB611C220E5C000B17ED /* Debug */,
				F3D6BB621C220E5C000B17ED /* Release */,
			);
			defaultConfigurationIsVisible = 0;
			defaultConfigurationName = Release;
		};
		F3D6BB631C220E5C000B17ED /* Build configuration list for PBXNativeTarget "FoodTracker" */ = {
			isa = XCConfigurationList;
			buildConfigurations = (
				F3D6BB641C220E5C000B17ED /* Debug */,
				F3D6BB651C220E5C000B17ED /* Release */,
			);
			defaultConfigurationIsVisible = 0;
		};
		F3D6BB661C220E5C000B17ED /* Build configuration list for PBXNativeTarget "FoodTrackerTests" */ = {
			isa = XCConfigurationList;
			buildConfigurations = (
				F3D6BB671C220E5C000B17ED /* Debug */,
				F3D6BB681C220E5C000B17ED /* Release */,
			);
			defaultConfigurationIsVisible = 0;
		};
		F3D6BB691C220E5C000B17ED /* Build configuration list for PBXNativeTarget "FoodTrackerUITests" */ = {
			isa = XCConfigurationList;
			buildConfigurations = (
				F3D6BB6A1C220E5C000B17ED /* Debug */,
				F3D6BB6B1C220E5C000B17ED /* Release */,
			);
			defaultConfigurationIsVisible = 0;
		};
/* End XCConfigurationList section */
	};
	rootObject = F3D6BB331C220E5C000B17ED /* Project object */;
}
